
Microsoft Visual Studio Solution File, Format Version 12.00
# Visual Studio 15
VisualStudioVersion = 15.0.28010.2046
MinimumVisualStudioVersion = 10.0.40219.1
Project("{FAE04EC0-301F-11D3-BF4B-00C04F79EFBC}") = "HelloWorld", "HelloWorld\HelloWorld.csproj", "{812EA8EB-DA90-4CC5-8628-91D52058C02F}"
EndProject
Project("{FAE04EC0-301F-11D3-BF4B-00C04F79EFBC}") = "IO", "IO\IO.csproj", "{73547ECB-3807-42F1-B6E1-8DEFA4A676A9}"
EndProject
Project("{FAE04EC0-301F-11D3-BF4B-00C04F79EFBC}") = "Exercise", "Exercise\Exercise.csproj", "{B488AEF1-DABD-425A-8F7E-4C66CD25C850}"
EndProject
Project("{FAE04EC0-301F-11D3-BF4B-00C04F79EFBC}") = "Assignment", "Assignment\Assignment.csproj", "{827417BB-EA16-4467-B9A0-70C279CD3EA0}"
EndProject
Global
	GlobalSection(SolutionConfigurationPlatforms) = preSolution
		Debug|Any CPU = Debug|Any CPU
		Release|Any CPU = Release|Any CPU
	EndGlobalSection
	GlobalSection(ProjectConfigurationPlatforms) = postSolution
		{812EA8EB-DA90-4CC5-8628-91D52058C02F}.Debug|Any CPU.ActiveCfg = Debug|Any CPU
		{812EA8EB-DA90-4CC5-8628-91D52058C02F}.Debug|Any CPU.Build.0 = Debug|Any CPU
		{812EA8EB-DA90-4CC5-8628-91D52058C02F}.Release|Any CPU.ActiveCfg = Release|Any CPU
		{812EA8EB-DA90-4CC5-8628-91D52058C02F}.Release|Any CPU.Build.0 = Release|Any CPU
		{73547ECB-3807-42F1-B6E1-8DEFA4A676A9}.Debug|Any CPU.ActiveCfg = Debug|Any CPU
		{73547ECB-3807-42F1-B6E1-8DEFA4A676A9}.Debug|Any CPU.Build.0 = Debug|Any CPU
		{73547ECB-3807-42F1-B6E1-8DEFA4A676A9}.Release|Any CPU.ActiveCfg = Release|Any CPU
		{73547ECB-3807-42F1-B6E1-8DEFA4A676A9}.Release|Any CPU.Build.0 = Release|Any CPU
		{B488AEF1-DABD-425A-8F7E-4C66CD25C850}.Debug|Any CPU.ActiveCfg = Debug|Any CPU
		{B488AEF1-DABD-425A-8F7E-4C66CD25C850}.Debug|Any CPU.Build.0 = Debug|Any CPU
		{B488AEF1-DABD-425A-8F7E-4C66CD25C850}.Release|Any CPU.ActiveCfg = Release|Any CPU
		{B488AEF1-DABD-425A-8F7E-4C66CD25C850}.Release|Any CPU.Build.0 = Release|Any CPU
		{827417BB-EA16-4467-B9A0-70C279CD3EA0}.Debug|Any CPU.ActiveCfg = Debug|Any CPU
		{827417BB-EA16-4467-B9A0-70C279CD3EA0}.Debug|Any CPU.Build.0 = Debug|Any CPU
		{827417BB-EA16-4467-B9A0-70C279CD3EA0}.Release|Any CPU.ActiveCfg = Release|Any CPU
		{827417BB-EA16-4467-B9A0-70C279CD3EA0}.Release|Any CPU.Build.0 = Release|Any CPU
	EndGlobalSection
	GlobalSection(SolutionProperties) = preSolution
		HideSolutionNode = FALSE
	EndGlobalSection
	GlobalSection(ExtensibilityGlobals) = postSolution
		SolutionGuid = {393CAD5B-5E60-4D10-81DE-D712F60EDC54}
	EndGlobalSection
EndGlobal
