
Microsoft Visual Studio Solution File, Format Version 12.00
# Visual Studio 15
VisualStudioVersion = 15.0.28010.2050
MinimumVisualStudioVersion = 10.0.40219.1
Project("{FAE04EC0-301F-11D3-BF4B-00C04F79EFBC}") = "Exercise", "Exercise\Exercise.csproj", "{73E70E2D-7C1F-40A9-BDF1-AD7FBA623ED0}"
EndProject
Project("{FAE04EC0-301F-11D3-BF4B-00C04F79EFBC}") = "FormatOutput", "FormatOutput\FormatOutput.csproj", "{3719505A-5868-44C6-85D8-A1B215447D69}"
EndProject
Project("{FAE04EC0-301F-11D3-BF4B-00C04F79EFBC}") = "Pool", "Pool\Pool.csproj", "{0BDC808E-18C0-464B-9CBE-847A3F2A4F94}"
EndProject
Project("{FAE04EC0-301F-11D3-BF4B-00C04F79EFBC}") = "ParseConvert", "ParseConvert\ParseConvert.csproj", "{DCF78A8D-C72E-454F-B0BF-49AD6F5FCE8D}"
EndProject
Project("{FAE04EC0-301F-11D3-BF4B-00C04F79EFBC}") = "UpperLowerTrim", "UpperLowerTrim\UpperLowerTrim.csproj", "{D8A7E9CD-04A1-490D-808C-96375204738B}"
EndProject
Project("{FAE04EC0-301F-11D3-BF4B-00C04F79EFBC}") = "Assignment", "Assignment\Assignment.csproj", "{7F2DE7C1-31B3-4B02-9BF9-974930DA4D51}"
EndProject
Global
	GlobalSection(SolutionConfigurationPlatforms) = preSolution
		Debug|Any CPU = Debug|Any CPU
		Release|Any CPU = Release|Any CPU
	EndGlobalSection
	GlobalSection(ProjectConfigurationPlatforms) = postSolution
		{73E70E2D-7C1F-40A9-BDF1-AD7FBA623ED0}.Debug|Any CPU.ActiveCfg = Debug|Any CPU
		{73E70E2D-7C1F-40A9-BDF1-AD7FBA623ED0}.Debug|Any CPU.Build.0 = Debug|Any CPU
		{73E70E2D-7C1F-40A9-BDF1-AD7FBA623ED0}.Release|Any CPU.ActiveCfg = Release|Any CPU
		{73E70E2D-7C1F-40A9-BDF1-AD7FBA623ED0}.Release|Any CPU.Build.0 = Release|Any CPU
		{3719505A-5868-44C6-85D8-A1B215447D69}.Debug|Any CPU.ActiveCfg = Debug|Any CPU
		{3719505A-5868-44C6-85D8-A1B215447D69}.Debug|Any CPU.Build.0 = Debug|Any CPU
		{3719505A-5868-44C6-85D8-A1B215447D69}.Release|Any CPU.ActiveCfg = Release|Any CPU
		{3719505A-5868-44C6-85D8-A1B215447D69}.Release|Any CPU.Build.0 = Release|Any CPU
		{0BDC808E-18C0-464B-9CBE-847A3F2A4F94}.Debug|Any CPU.ActiveCfg = Debug|Any CPU
		{0BDC808E-18C0-464B-9CBE-847A3F2A4F94}.Debug|Any CPU.Build.0 = Debug|Any CPU
		{0BDC808E-18C0-464B-9CBE-847A3F2A4F94}.Release|Any CPU.ActiveCfg = Release|Any CPU
		{0BDC808E-18C0-464B-9CBE-847A3F2A4F94}.Release|Any CPU.Build.0 = Release|Any CPU
		{DCF78A8D-C72E-454F-B0BF-49AD6F5FCE8D}.Debug|Any CPU.ActiveCfg = Debug|Any CPU
		{DCF78A8D-C72E-454F-B0BF-49AD6F5FCE8D}.Debug|Any CPU.Build.0 = Debug|Any CPU
		{DCF78A8D-C72E-454F-B0BF-49AD6F5FCE8D}.Release|Any CPU.ActiveCfg = Release|Any CPU
		{DCF78A8D-C72E-454F-B0BF-49AD6F5FCE8D}.Release|Any CPU.Build.0 = Release|Any CPU
		{D8A7E9CD-04A1-490D-808C-96375204738B}.Debug|Any CPU.ActiveCfg = Debug|Any CPU
		{D8A7E9CD-04A1-490D-808C-96375204738B}.Debug|Any CPU.Build.0 = Debug|Any CPU
		{D8A7E9CD-04A1-490D-808C-96375204738B}.Release|Any CPU.ActiveCfg = Release|Any CPU
		{D8A7E9CD-04A1-490D-808C-96375204738B}.Release|Any CPU.Build.0 = Release|Any CPU
		{7F2DE7C1-31B3-4B02-9BF9-974930DA4D51}.Debug|Any CPU.ActiveCfg = Debug|Any CPU
		{7F2DE7C1-31B3-4B02-9BF9-974930DA4D51}.Debug|Any CPU.Build.0 = Debug|Any CPU
		{7F2DE7C1-31B3-4B02-9BF9-974930DA4D51}.Release|Any CPU.ActiveCfg = Release|Any CPU
		{7F2DE7C1-31B3-4B02-9BF9-974930DA4D51}.Release|Any CPU.Build.0 = Release|Any CPU
	EndGlobalSection
	GlobalSection(SolutionProperties) = preSolution
		HideSolutionNode = FALSE
	EndGlobalSection
	GlobalSection(ExtensibilityGlobals) = postSolution
		SolutionGuid = {10271A07-7A51-483A-BCEA-6E9F2CE61A4D}
	EndGlobalSection
EndGlobal
