
Microsoft Visual Studio Solution File, Format Version 12.00
# Visual Studio 15
VisualStudioVersion = 15.0.28010.2048
MinimumVisualStudioVersion = 10.0.40219.1
Project("{FAE04EC0-301F-11D3-BF4B-00C04F79EFBC}") = "Find", "Find\Find.csproj", "{8B17CE31-50D1-40AA-9C5B-0A4A4D0DD314}"
EndProject
Project("{FAE04EC0-301F-11D3-BF4B-00C04F79EFBC}") = "ArrayBasic", "ArrayBasic\ArrayBasic.csproj", "{E08AA437-E0BB-4506-9B0D-1FEF0E1CB241}"
EndProject
Project("{FAE04EC0-301F-11D3-BF4B-00C04F79EFBC}") = "BubbleSort", "BubbleSort\BubbleSort.csproj", "{855B4356-1429-4DF7-AB00-E57D500C5E52}"
EndProject
Project("{FAE04EC0-301F-11D3-BF4B-00C04F79EFBC}") = "Delete", "Delete\Delete.csproj", "{019FCA77-629F-41F3-A1A4-5DC4984C7A6F}"
EndProject
Project("{FAE04EC0-301F-11D3-BF4B-00C04F79EFBC}") = "Assignment", "Assignment\Assignment.csproj", "{C5918F33-8673-419B-A4DD-3EB28CABC257}"
EndProject
Project("{FAE04EC0-301F-11D3-BF4B-00C04F79EFBC}") = "Homework3", "Homework3\Homework3.csproj", "{2AD815CB-D5E3-4D5A-AECC-7D3FE2DFB258}"
EndProject
Global
	GlobalSection(SolutionConfigurationPlatforms) = preSolution
		Debug|Any CPU = Debug|Any CPU
		Release|Any CPU = Release|Any CPU
	EndGlobalSection
	GlobalSection(ProjectConfigurationPlatforms) = postSolution
		{8B17CE31-50D1-40AA-9C5B-0A4A4D0DD314}.Debug|Any CPU.ActiveCfg = Debug|Any CPU
		{8B17CE31-50D1-40AA-9C5B-0A4A4D0DD314}.Debug|Any CPU.Build.0 = Debug|Any CPU
		{8B17CE31-50D1-40AA-9C5B-0A4A4D0DD314}.Release|Any CPU.ActiveCfg = Release|Any CPU
		{8B17CE31-50D1-40AA-9C5B-0A4A4D0DD314}.Release|Any CPU.Build.0 = Release|Any CPU
		{E08AA437-E0BB-4506-9B0D-1FEF0E1CB241}.Debug|Any CPU.ActiveCfg = Debug|Any CPU
		{E08AA437-E0BB-4506-9B0D-1FEF0E1CB241}.Debug|Any CPU.Build.0 = Debug|Any CPU
		{E08AA437-E0BB-4506-9B0D-1FEF0E1CB241}.Release|Any CPU.ActiveCfg = Release|Any CPU
		{E08AA437-E0BB-4506-9B0D-1FEF0E1CB241}.Release|Any CPU.Build.0 = Release|Any CPU
		{855B4356-1429-4DF7-AB00-E57D500C5E52}.Debug|Any CPU.ActiveCfg = Debug|Any CPU
		{855B4356-1429-4DF7-AB00-E57D500C5E52}.Debug|Any CPU.Build.0 = Debug|Any CPU
		{855B4356-1429-4DF7-AB00-E57D500C5E52}.Release|Any CPU.ActiveCfg = Release|Any CPU
		{855B4356-1429-4DF7-AB00-E57D500C5E52}.Release|Any CPU.Build.0 = Release|Any CPU
		{019FCA77-629F-41F3-A1A4-5DC4984C7A6F}.Debug|Any CPU.ActiveCfg = Debug|Any CPU
		{019FCA77-629F-41F3-A1A4-5DC4984C7A6F}.Debug|Any CPU.Build.0 = Debug|Any CPU
		{019FCA77-629F-41F3-A1A4-5DC4984C7A6F}.Release|Any CPU.ActiveCfg = Release|Any CPU
		{019FCA77-629F-41F3-A1A4-5DC4984C7A6F}.Release|Any CPU.Build.0 = Release|Any CPU
		{C5918F33-8673-419B-A4DD-3EB28CABC257}.Debug|Any CPU.ActiveCfg = Debug|Any CPU
		{C5918F33-8673-419B-A4DD-3EB28CABC257}.Debug|Any CPU.Build.0 = Debug|Any CPU
		{C5918F33-8673-419B-A4DD-3EB28CABC257}.Release|Any CPU.ActiveCfg = Release|Any CPU
		{C5918F33-8673-419B-A4DD-3EB28CABC257}.Release|Any CPU.Build.0 = Release|Any CPU
		{2AD815CB-D5E3-4D5A-AECC-7D3FE2DFB258}.Debug|Any CPU.ActiveCfg = Debug|Any CPU
		{2AD815CB-D5E3-4D5A-AECC-7D3FE2DFB258}.Debug|Any CPU.Build.0 = Debug|Any CPU
		{2AD815CB-D5E3-4D5A-AECC-7D3FE2DFB258}.Release|Any CPU.ActiveCfg = Release|Any CPU
		{2AD815CB-D5E3-4D5A-AECC-7D3FE2DFB258}.Release|Any CPU.Build.0 = Release|Any CPU
	EndGlobalSection
	GlobalSection(SolutionProperties) = preSolution
		HideSolutionNode = FALSE
	EndGlobalSection
	GlobalSection(ExtensibilityGlobals) = postSolution
		SolutionGuid = {8F47893D-6BED-48F5-B835-E94B661EA29C}
	EndGlobalSection
EndGlobal
